
Microsoft Visual Studio Solution File, Format Version 12.00
# Visual Studio 2012
Project("{FAE04EC0-301F-11D3-BF4B-00C04F79EFBC}") = "MovieListDemo", "MovieListDemo\MovieListDemo.csproj", "{961E4CD1-2469-4B44-8AE1-A9C12AF220BF}"
EndProject
Project("{FAE04EC0-301F-11D3-BF4B-00C04F79EFBC}") = "MovieListDemo.Tests", "MovieListDemo.Tests\MovieListDemo.Tests.csproj", "{999DA8A4-44D6-4F17-A872-DC63375D5880}"
EndProject
Global
	GlobalSection(SolutionConfigurationPlatforms) = preSolution
		Debug|Any CPU = Debug|Any CPU
		Release|Any CPU = Release|Any CPU
	EndGlobalSection
	GlobalSection(ProjectConfigurationPlatforms) = postSolution
		{961E4CD1-2469-4B44-8AE1-A9C12AF220BF}.Debug|Any CPU.ActiveCfg = Debug|Any CPU
		{961E4CD1-2469-4B44-8AE1-A9C12AF220BF}.Debug|Any CPU.Build.0 = Debug|Any CPU
		{961E4CD1-2469-4B44-8AE1-A9C12AF220BF}.Release|Any CPU.ActiveCfg = Release|Any CPU
		{961E4CD1-2469-4B44-8AE1-A9C12AF220BF}.Release|Any CPU.Build.0 = Release|Any CPU
		{999DA8A4-44D6-4F17-A872-DC63375D5880}.Debug|Any CPU.ActiveCfg = Debug|Any CPU
		{999DA8A4-44D6-4F17-A872-DC63375D5880}.Debug|Any CPU.Build.0 = Debug|Any CPU
		{999DA8A4-44D6-4F17-A872-DC63375D5880}.Release|Any CPU.ActiveCfg = Release|Any CPU
		{999DA8A4-44D6-4F17-A872-DC63375D5880}.Release|Any CPU.Build.0 = Release|Any CPU
	EndGlobalSection
	GlobalSection(SolutionProperties) = preSolution
		HideSolutionNode = FALSE
	EndGlobalSection
EndGlobal
